
Microsoft Visual Studio Solution File, Format Version 12.00
# Visual Studio Version 17
VisualStudioVersion = 17.5.33627.172
MinimumVisualStudioVersion = 10.0.40219.1
Project("{FAE04EC0-301F-11D3-BF4B-00C04F79EFBC}") = "WPFProject", "WPFProject.csproj", "{677D9594-E4D9-4E84-A312-F3DD6068946C}"
EndProject
Global
	GlobalSection(SolutionConfigurationPlatforms) = preSolution
		Debug|Any CPU = Debug|Any CPU
		Release|Any CPU = Release|Any CPU
	EndGlobalSection
	GlobalSection(ProjectConfigurationPlatforms) = postSolution
		{677D9594-E4D9-4E84-A312-F3DD6068946C}.Debug|Any CPU.ActiveCfg = Debug|Any CPU
		{677D9594-E4D9-4E84-A312-F3DD6068946C}.Debug|Any CPU.Build.0 = Debug|Any CPU
		{677D9594-E4D9-4E84-A312-F3DD6068946C}.Release|Any CPU.ActiveCfg = Release|Any CPU
		{677D9594-E4D9-4E84-A312-F3DD6068946C}.Release|Any CPU.Build.0 = Release|Any CPU
	EndGlobalSection
	GlobalSection(SolutionProperties) = preSolution
		HideSolutionNode = FALSE
	EndGlobalSection
	GlobalSection(ExtensibilityGlobals) = postSolution
		SolutionGuid = {3F110307-CD8E-463C-8AA0-0457BBAB9B37}
	EndGlobalSection
EndGlobal
